
Microsoft Visual Studio Solution File, Format Version 12.00
# Visual Studio Version 16
VisualStudioVersion = 16.0.29209.62
MinimumVisualStudioVersion = 10.0.40219.1
Project("{FAE04EC0-301F-11D3-BF4B-00C04F79EFBC}") = "AzureFunctionSQL", "AzureFunctionSQL.csproj", "{DAFA99B6-FA06-48E6-B7FF-184502E45C57}"
EndProject
Global
	GlobalSection(SolutionConfigurationPlatforms) = preSolution
		Debug|Any CPU = Debug|Any CPU
		Release|Any CPU = Release|Any CPU
	EndGlobalSection
	GlobalSection(ProjectConfigurationPlatforms) = postSolution
		{DAFA99B6-FA06-48E6-B7FF-184502E45C57}.Debug|Any CPU.ActiveCfg = Debug|Any CPU
		{DAFA99B6-FA06-48E6-B7FF-184502E45C57}.Debug|Any CPU.Build.0 = Debug|Any CPU
		{DAFA99B6-FA06-48E6-B7FF-184502E45C57}.Release|Any CPU.ActiveCfg = Release|Any CPU
		{DAFA99B6-FA06-48E6-B7FF-184502E45C57}.Release|Any CPU.Build.0 = Release|Any CPU
	EndGlobalSection
	GlobalSection(SolutionProperties) = preSolution
		HideSolutionNode = FALSE
	EndGlobalSection
	GlobalSection(ExtensibilityGlobals) = postSolution
		SolutionGuid = {EFFE6278-77A3-4E50-8634-98A30FD51234}
	EndGlobalSection
EndGlobal
